
Microsoft Visual Studio Solution File, Format Version 12.00
# Visual Studio 2013
VisualStudioVersion = 12.0.31101.0
MinimumVisualStudioVersion = 10.0.40219.1
Project("{FAE04EC0-301F-11D3-BF4B-00C04F79EFBC}") = "Marketplace", "Marketplace\Marketplace.csproj", "{7C83B07E-284E-44DE-A5CE-B9067298CFA3}"
EndProject
Project("{FAE04EC0-301F-11D3-BF4B-00C04F79EFBC}") = "TestMarketplace", "TestMarketplace\TestMarketplace.csproj", "{1E4EE3BC-03FB-47AC-A79B-797FE05F2BAC}"
EndProject
Global
	GlobalSection(SolutionConfigurationPlatforms) = preSolution
		Debug|Any CPU = Debug|Any CPU
		Release|Any CPU = Release|Any CPU
	EndGlobalSection
	GlobalSection(ProjectConfigurationPlatforms) = postSolution
		{7C83B07E-284E-44DE-A5CE-B9067298CFA3}.Debug|Any CPU.ActiveCfg = Debug|Any CPU
		{7C83B07E-284E-44DE-A5CE-B9067298CFA3}.Debug|Any CPU.Build.0 = Debug|Any CPU
		{7C83B07E-284E-44DE-A5CE-B9067298CFA3}.Release|Any CPU.ActiveCfg = Release|Any CPU
		{7C83B07E-284E-44DE-A5CE-B9067298CFA3}.Release|Any CPU.Build.0 = Release|Any CPU
		{1E4EE3BC-03FB-47AC-A79B-797FE05F2BAC}.Debug|Any CPU.ActiveCfg = Debug|Any CPU
		{1E4EE3BC-03FB-47AC-A79B-797FE05F2BAC}.Debug|Any CPU.Build.0 = Debug|Any CPU
		{1E4EE3BC-03FB-47AC-A79B-797FE05F2BAC}.Release|Any CPU.ActiveCfg = Release|Any CPU
		{1E4EE3BC-03FB-47AC-A79B-797FE05F2BAC}.Release|Any CPU.Build.0 = Release|Any CPU
	EndGlobalSection
	GlobalSection(SolutionProperties) = preSolution
		HideSolutionNode = FALSE
	EndGlobalSection
EndGlobal
